
Microsoft Visual Studio Solution File, Format Version 12.00
# Visual Studio Version 16
VisualStudioVersion = 16.0.30503.244
MinimumVisualStudioVersion = 10.0.40219.1
Project("{9A19103F-16F7-4668-BE54-9A1E7A4F7556}") = "OPC DB gate server", "OPC DB gate server\OPC DB gate server.csproj", "{B23CCAB7-46C8-4841-895D-B1335F558250}"
EndProject
Project("{9A19103F-16F7-4668-BE54-9A1E7A4F7556}") = "Lib", "Lib\Lib.csproj", "{4CCFC338-0118-4300-857D-24FD88E9BB3B}"
EndProject
Project("{FAE04EC0-301F-11D3-BF4B-00C04F79EFBC}") = "OPC DB gate client", "OPC DB gate client\OPC DB gate client.csproj", "{A0B1AB2E-A89A-4FBD-BD6C-9C15CF0CB17E}"
EndProject
Project("{9A19103F-16F7-4668-BE54-9A1E7A4F7556}") = "Csharp scripts scheduler", "Csharp scripts scheduler\Csharp scripts scheduler.csproj", "{AACF060D-BDD0-4819-8395-C91AC7C38B3C}"
EndProject
Project("{9A19103F-16F7-4668-BE54-9A1E7A4F7556}") = "XML DB gate", "XML DB gate\XML DB gate.csproj", "{42109593-B771-4E14-B9D5-C19FD4585300}"
EndProject
Project("{9A19103F-16F7-4668-BE54-9A1E7A4F7556}") = "ModBUS DB gate", "ModBUS DB gate\ModBUS DB gate.csproj", "{2C46A19D-063E-44F8-AF0D-554D75060EE7}"
EndProject
Project("{9A19103F-16F7-4668-BE54-9A1E7A4F7556}") = "KingPigeonS272 DB gate", "KingPigeonS272 DB gate\KingPigeonS272 DB gate.csproj", "{809A63E0-5A83-4F2F-99D2-2F9C3E58BFE5}"
EndProject
Project("{9A19103F-16F7-4668-BE54-9A1E7A4F7556}") = "OPC DB gate Lib", "OPC DB gate Lib\OPC DB gate Lib.csproj", "{43847A49-F70C-48D9-BA18-D3AC34FEC8BA}"
EndProject
Global
	GlobalSection(SolutionConfigurationPlatforms) = preSolution
		Debug|Any CPU = Debug|Any CPU
		Debug|x64 = Debug|x64
		Debug|x86 = Debug|x86
		Release|Any CPU = Release|Any CPU
		Release|x64 = Release|x64
		Release|x86 = Release|x86
	EndGlobalSection
	GlobalSection(ProjectConfigurationPlatforms) = postSolution
		{B23CCAB7-46C8-4841-895D-B1335F558250}.Debug|Any CPU.ActiveCfg = Debug|Any CPU
		{B23CCAB7-46C8-4841-895D-B1335F558250}.Debug|Any CPU.Build.0 = Debug|Any CPU
		{B23CCAB7-46C8-4841-895D-B1335F558250}.Debug|x64.ActiveCfg = Debug|x64
		{B23CCAB7-46C8-4841-895D-B1335F558250}.Debug|x64.Build.0 = Debug|x64
		{B23CCAB7-46C8-4841-895D-B1335F558250}.Debug|x86.ActiveCfg = Debug|x86
		{B23CCAB7-46C8-4841-895D-B1335F558250}.Debug|x86.Build.0 = Debug|x86
		{B23CCAB7-46C8-4841-895D-B1335F558250}.Release|Any CPU.ActiveCfg = Release|Any CPU
		{B23CCAB7-46C8-4841-895D-B1335F558250}.Release|Any CPU.Build.0 = Release|Any CPU
		{B23CCAB7-46C8-4841-895D-B1335F558250}.Release|x64.ActiveCfg = Release|x64
		{B23CCAB7-46C8-4841-895D-B1335F558250}.Release|x64.Build.0 = Release|x64
		{B23CCAB7-46C8-4841-895D-B1335F558250}.Release|x86.ActiveCfg = Release|x86
		{B23CCAB7-46C8-4841-895D-B1335F558250}.Release|x86.Build.0 = Release|x86
		{4CCFC338-0118-4300-857D-24FD88E9BB3B}.Debug|Any CPU.ActiveCfg = Debug|Any CPU
		{4CCFC338-0118-4300-857D-24FD88E9BB3B}.Debug|Any CPU.Build.0 = Debug|Any CPU
		{4CCFC338-0118-4300-857D-24FD88E9BB3B}.Debug|x64.ActiveCfg = Debug|x64
		{4CCFC338-0118-4300-857D-24FD88E9BB3B}.Debug|x64.Build.0 = Debug|x64
		{4CCFC338-0118-4300-857D-24FD88E9BB3B}.Debug|x86.ActiveCfg = Debug|x86
		{4CCFC338-0118-4300-857D-24FD88E9BB3B}.Debug|x86.Build.0 = Debug|x86
		{4CCFC338-0118-4300-857D-24FD88E9BB3B}.Release|Any CPU.ActiveCfg = Release|Any CPU
		{4CCFC338-0118-4300-857D-24FD88E9BB3B}.Release|Any CPU.Build.0 = Release|Any CPU
		{4CCFC338-0118-4300-857D-24FD88E9BB3B}.Release|x64.ActiveCfg = Release|x64
		{4CCFC338-0118-4300-857D-24FD88E9BB3B}.Release|x64.Build.0 = Release|x64
		{4CCFC338-0118-4300-857D-24FD88E9BB3B}.Release|x86.ActiveCfg = Release|x86
		{4CCFC338-0118-4300-857D-24FD88E9BB3B}.Release|x86.Build.0 = Release|x86
		{A0B1AB2E-A89A-4FBD-BD6C-9C15CF0CB17E}.Debug|Any CPU.ActiveCfg = Debug|Any CPU
		{A0B1AB2E-A89A-4FBD-BD6C-9C15CF0CB17E}.Debug|Any CPU.Build.0 = Debug|Any CPU
		{A0B1AB2E-A89A-4FBD-BD6C-9C15CF0CB17E}.Debug|x64.ActiveCfg = Debug|x64
		{A0B1AB2E-A89A-4FBD-BD6C-9C15CF0CB17E}.Debug|x64.Build.0 = Debug|x64
		{A0B1AB2E-A89A-4FBD-BD6C-9C15CF0CB17E}.Debug|x86.ActiveCfg = Debug|x86
		{A0B1AB2E-A89A-4FBD-BD6C-9C15CF0CB17E}.Debug|x86.Build.0 = Debug|x86
		{A0B1AB2E-A89A-4FBD-BD6C-9C15CF0CB17E}.Release|Any CPU.ActiveCfg = Release|Any CPU
		{A0B1AB2E-A89A-4FBD-BD6C-9C15CF0CB17E}.Release|Any CPU.Build.0 = Release|Any CPU
		{A0B1AB2E-A89A-4FBD-BD6C-9C15CF0CB17E}.Release|x64.ActiveCfg = Release|x64
		{A0B1AB2E-A89A-4FBD-BD6C-9C15CF0CB17E}.Release|x64.Build.0 = Release|x64
		{A0B1AB2E-A89A-4FBD-BD6C-9C15CF0CB17E}.Release|x86.ActiveCfg = Release|x86
		{A0B1AB2E-A89A-4FBD-BD6C-9C15CF0CB17E}.Release|x86.Build.0 = Release|x86
		{AACF060D-BDD0-4819-8395-C91AC7C38B3C}.Debug|Any CPU.ActiveCfg = Debug|Any CPU
		{AACF060D-BDD0-4819-8395-C91AC7C38B3C}.Debug|Any CPU.Build.0 = Debug|Any CPU
		{AACF060D-BDD0-4819-8395-C91AC7C38B3C}.Debug|x64.ActiveCfg = Debug|x64
		{AACF060D-BDD0-4819-8395-C91AC7C38B3C}.Debug|x64.Build.0 = Debug|x64
		{AACF060D-BDD0-4819-8395-C91AC7C38B3C}.Debug|x86.ActiveCfg = Debug|x86
		{AACF060D-BDD0-4819-8395-C91AC7C38B3C}.Debug|x86.Build.0 = Debug|x86
		{AACF060D-BDD0-4819-8395-C91AC7C38B3C}.Release|Any CPU.ActiveCfg = Release|Any CPU
		{AACF060D-BDD0-4819-8395-C91AC7C38B3C}.Release|Any CPU.Build.0 = Release|Any CPU
		{AACF060D-BDD0-4819-8395-C91AC7C38B3C}.Release|x64.ActiveCfg = Release|x64
		{AACF060D-BDD0-4819-8395-C91AC7C38B3C}.Release|x64.Build.0 = Release|x64
		{AACF060D-BDD0-4819-8395-C91AC7C38B3C}.Release|x86.ActiveCfg = Release|x86
		{AACF060D-BDD0-4819-8395-C91AC7C38B3C}.Release|x86.Build.0 = Release|x86
		{42109593-B771-4E14-B9D5-C19FD4585300}.Debug|Any CPU.ActiveCfg = Debug|Any CPU
		{42109593-B771-4E14-B9D5-C19FD4585300}.Debug|Any CPU.Build.0 = Debug|Any CPU
		{42109593-B771-4E14-B9D5-C19FD4585300}.Debug|x64.ActiveCfg = Debug|x64
		{42109593-B771-4E14-B9D5-C19FD4585300}.Debug|x64.Build.0 = Debug|x64
		{42109593-B771-4E14-B9D5-C19FD4585300}.Debug|x86.ActiveCfg = Debug|x86
		{42109593-B771-4E14-B9D5-C19FD4585300}.Debug|x86.Build.0 = Debug|x86
		{42109593-B771-4E14-B9D5-C19FD4585300}.Release|Any CPU.ActiveCfg = Release|Any CPU
		{42109593-B771-4E14-B9D5-C19FD4585300}.Release|Any CPU.Build.0 = Release|Any CPU
		{42109593-B771-4E14-B9D5-C19FD4585300}.Release|x64.ActiveCfg = Release|x64
		{42109593-B771-4E14-B9D5-C19FD4585300}.Release|x64.Build.0 = Release|x64
		{42109593-B771-4E14-B9D5-C19FD4585300}.Release|x86.ActiveCfg = Release|x86
		{42109593-B771-4E14-B9D5-C19FD4585300}.Release|x86.Build.0 = Release|x86
		{2C46A19D-063E-44F8-AF0D-554D75060EE7}.Debug|Any CPU.ActiveCfg = Debug|Any CPU
		{2C46A19D-063E-44F8-AF0D-554D75060EE7}.Debug|Any CPU.Build.0 = Debug|Any CPU
		{2C46A19D-063E-44F8-AF0D-554D75060EE7}.Debug|x64.ActiveCfg = Debug|x64
		{2C46A19D-063E-44F8-AF0D-554D75060EE7}.Debug|x64.Build.0 = Debug|x64
		{2C46A19D-063E-44F8-AF0D-554D75060EE7}.Debug|x86.ActiveCfg = Debug|x86
		{2C46A19D-063E-44F8-AF0D-554D75060EE7}.Debug|x86.Build.0 = Debug|x86
		{2C46A19D-063E-44F8-AF0D-554D75060EE7}.Release|Any CPU.ActiveCfg = Release|Any CPU
		{2C46A19D-063E-44F8-AF0D-554D75060EE7}.Release|Any CPU.Build.0 = Release|Any CPU
		{2C46A19D-063E-44F8-AF0D-554D75060EE7}.Release|x64.ActiveCfg = Release|x64
		{2C46A19D-063E-44F8-AF0D-554D75060EE7}.Release|x64.Build.0 = Release|x64
		{2C46A19D-063E-44F8-AF0D-554D75060EE7}.Release|x86.ActiveCfg = Release|x86
		{2C46A19D-063E-44F8-AF0D-554D75060EE7}.Release|x86.Build.0 = Release|x86
		{809A63E0-5A83-4F2F-99D2-2F9C3E58BFE5}.Debug|Any CPU.ActiveCfg = Debug|Any CPU
		{809A63E0-5A83-4F2F-99D2-2F9C3E58BFE5}.Debug|Any CPU.Build.0 = Debug|Any CPU
		{809A63E0-5A83-4F2F-99D2-2F9C3E58BFE5}.Debug|x64.ActiveCfg = Debug|x64
		{809A63E0-5A83-4F2F-99D2-2F9C3E58BFE5}.Debug|x64.Build.0 = Debug|x64
		{809A63E0-5A83-4F2F-99D2-2F9C3E58BFE5}.Debug|x86.ActiveCfg = Debug|x86
		{809A63E0-5A83-4F2F-99D2-2F9C3E58BFE5}.Debug|x86.Build.0 = Debug|x86
		{809A63E0-5A83-4F2F-99D2-2F9C3E58BFE5}.Release|Any CPU.ActiveCfg = Release|Any CPU
		{809A63E0-5A83-4F2F-99D2-2F9C3E58BFE5}.Release|Any CPU.Build.0 = Release|Any CPU
		{809A63E0-5A83-4F2F-99D2-2F9C3E58BFE5}.Release|x64.ActiveCfg = Release|x64
		{809A63E0-5A83-4F2F-99D2-2F9C3E58BFE5}.Release|x64.Build.0 = Release|x64
		{809A63E0-5A83-4F2F-99D2-2F9C3E58BFE5}.Release|x86.ActiveCfg = Release|x86
		{809A63E0-5A83-4F2F-99D2-2F9C3E58BFE5}.Release|x86.Build.0 = Release|x86
		{43847A49-F70C-48D9-BA18-D3AC34FEC8BA}.Debug|Any CPU.ActiveCfg = Debug|Any CPU
		{43847A49-F70C-48D9-BA18-D3AC34FEC8BA}.Debug|Any CPU.Build.0 = Debug|Any CPU
		{43847A49-F70C-48D9-BA18-D3AC34FEC8BA}.Debug|x64.ActiveCfg = Debug|x64
		{43847A49-F70C-48D9-BA18-D3AC34FEC8BA}.Debug|x64.Build.0 = Debug|x64
		{43847A49-F70C-48D9-BA18-D3AC34FEC8BA}.Debug|x86.ActiveCfg = Debug|x86
		{43847A49-F70C-48D9-BA18-D3AC34FEC8BA}.Debug|x86.Build.0 = Debug|x86
		{43847A49-F70C-48D9-BA18-D3AC34FEC8BA}.Release|Any CPU.ActiveCfg = Release|Any CPU
		{43847A49-F70C-48D9-BA18-D3AC34FEC8BA}.Release|Any CPU.Build.0 = Release|Any CPU
		{43847A49-F70C-48D9-BA18-D3AC34FEC8BA}.Release|x64.ActiveCfg = Release|x64
		{43847A49-F70C-48D9-BA18-D3AC34FEC8BA}.Release|x64.Build.0 = Release|x64
		{43847A49-F70C-48D9-BA18-D3AC34FEC8BA}.Release|x86.ActiveCfg = Release|x86
		{43847A49-F70C-48D9-BA18-D3AC34FEC8BA}.Release|x86.Build.0 = Release|x86
	EndGlobalSection
	GlobalSection(SolutionProperties) = preSolution
		HideSolutionNode = FALSE
	EndGlobalSection
	GlobalSection(ExtensibilityGlobals) = postSolution
		SolutionGuid = {45E4317A-B5AA-4BFC-B5F5-81627E66EA4A}
	EndGlobalSection
EndGlobal
