
Microsoft Visual Studio Solution File, Format Version 12.00
# Visual Studio Version 16
VisualStudioVersion = 16.0.30503.244
MinimumVisualStudioVersion = 10.0.40219.1
Project("{9A19103F-16F7-4668-BE54-9A1E7A4F7556}") = "OPC DB gate server", "OPC DB gate server\OPC DB gate server.csproj", "{B23CCAB7-46C8-4841-895D-B1335F558250}"
EndProject
Project("{9A19103F-16F7-4668-BE54-9A1E7A4F7556}") = "0_Lib", "Lib\0_Lib.csproj", "{4CCFC338-0118-4300-857D-24FD88E9BB3B}"
EndProject
Project("{FAE04EC0-301F-11D3-BF4B-00C04F79EFBC}") = "OPC DB gate client", "OPC DB gate client\OPC DB gate client.csproj", "{A0B1AB2E-A89A-4FBD-BD6C-9C15CF0CB17E}"
EndProject
Project("{9A19103F-16F7-4668-BE54-9A1E7A4F7556}") = "Csharp scripts scheduler", "Csharp scripts scheduler\Csharp scripts scheduler.csproj", "{AACF060D-BDD0-4819-8395-C91AC7C38B3C}"
EndProject
Project("{9A19103F-16F7-4668-BE54-9A1E7A4F7556}") = "ModBUS DB gate", "ModBUS DB gate\ModBUS DB gate.csproj", "{2C46A19D-063E-44F8-AF0D-554D75060EE7}"
EndProject
Project("{9A19103F-16F7-4668-BE54-9A1E7A4F7556}") = "KingPigeonS272 DB gate", "KingPigeonS272 DB gate\KingPigeonS272 DB gate.csproj", "{809A63E0-5A83-4F2F-99D2-2F9C3E58BFE5}"
EndProject
Project("{9A19103F-16F7-4668-BE54-9A1E7A4F7556}") = "LibOPCDBgate", "OPC DB gate Lib\LibOPCDBgate.csproj", "{43847A49-F70C-48D9-BA18-D3AC34FEC8BA}"
EndProject
Project("{9A19103F-16F7-4668-BE54-9A1E7A4F7556}") = "S7 DB gate", "S7 DB gate\S7 DB gate.csproj", "{4913BEB7-4481-417B-8E5E-D1B05DA4FB3A}"
EndProject
Project("{9A19103F-16F7-4668-BE54-9A1E7A4F7556}") = "2_LibDBgate", "DB gate Lib\2_LibDBgate.csproj", "{334DB94A-CE87-45DC-907C-6D16919261A5}"
EndProject
Project("{9A19103F-16F7-4668-BE54-9A1E7A4F7556}") = "S7.Net", "S7.Net\S7.Net.csproj", "{8D45B8DE-CA06-4037-9677-AFF1EB45F5A0}"
EndProject
Project("{9A19103F-16F7-4668-BE54-9A1E7A4F7556}") = "XML DB gate", "XML DB gate\XML DB gate.csproj", "{42109593-B771-4E14-B9D5-C19FD4585300}"
EndProject
Project("{9A19103F-16F7-4668-BE54-9A1E7A4F7556}") = "CSV DB gate", "CSV DB gate\CSV DB gate.csproj", "{73671BAC-8507-466A-A46E-38EADB04B4CF}"
EndProject
Project("{9A19103F-16F7-4668-BE54-9A1E7A4F7556}") = "1_LibMESone", "LibMESone\1_LibMESone.csproj", "{411C99BB-A658-4206-9595-418E37EB5F72}"
EndProject
Project("{9A19103F-16F7-4668-BE54-9A1E7A4F7556}") = "TelegramBot", "TelegramBot\TelegramBot.csproj", "{FDC4CDF5-A09C-4232-B2F0-006B55F7B37D}"
EndProject
Project("{9A19103F-16F7-4668-BE54-9A1E7A4F7556}") = "Mailer", "Mailer\Mailer.csproj", "{176045C2-E882-4DDE-99B8-26269B9AC1C6}"
EndProject
Project("{9A19103F-16F7-4668-BE54-9A1E7A4F7556}") = "OPC UA DB gate", "OPC UA DB gate\OPC UA DB gate.csproj", "{6D050EAB-A543-4C87-A767-3BB78F7BBCF8}"
EndProject
Project("{9A19103F-16F7-4668-BE54-9A1E7A4F7556}") = "MELSEC DB gate", "MELSEC DB gate\MELSEC DB gate.csproj", "{13C0ECC6-0879-4EFF-B6B4-0AEC2B891B8D}"
EndProject
Project("{9A19103F-16F7-4668-BE54-9A1E7A4F7556}") = "3_LibPlcDBgate", "LibTagsDBGate\3_LibPlcDBgate.csproj", "{D39ADC1E-71E2-4549-ACE4-A9B5F9257A46}"
EndProject
Project("{FAE04EC0-301F-11D3-BF4B-00C04F79EFBC}") = "GD DB gate", "GD DB gate\GD DB gate.csproj", "{D956DFA6-CF71-48E5-83DC-CFB724BFCF07}"
EndProject
Global
	GlobalSection(SolutionConfigurationPlatforms) = preSolution
		Debug|Any CPU = Debug|Any CPU
		Debug|x64 = Debug|x64
		Debug|x86 = Debug|x86
		Release|Any CPU = Release|Any CPU
		Release|x64 = Release|x64
		Release|x86 = Release|x86
	EndGlobalSection
	GlobalSection(ProjectConfigurationPlatforms) = postSolution
		{B23CCAB7-46C8-4841-895D-B1335F558250}.Debug|Any CPU.ActiveCfg = Debug|Any CPU
		{B23CCAB7-46C8-4841-895D-B1335F558250}.Debug|Any CPU.Build.0 = Debug|Any CPU
		{B23CCAB7-46C8-4841-895D-B1335F558250}.Debug|x64.ActiveCfg = Debug|x64
		{B23CCAB7-46C8-4841-895D-B1335F558250}.Debug|x64.Build.0 = Debug|x64
		{B23CCAB7-46C8-4841-895D-B1335F558250}.Debug|x86.ActiveCfg = Debug|x86
		{B23CCAB7-46C8-4841-895D-B1335F558250}.Debug|x86.Build.0 = Debug|x86
		{B23CCAB7-46C8-4841-895D-B1335F558250}.Release|Any CPU.ActiveCfg = Release|Any CPU
		{B23CCAB7-46C8-4841-895D-B1335F558250}.Release|Any CPU.Build.0 = Release|Any CPU
		{B23CCAB7-46C8-4841-895D-B1335F558250}.Release|x64.ActiveCfg = Release|x64
		{B23CCAB7-46C8-4841-895D-B1335F558250}.Release|x64.Build.0 = Release|x64
		{B23CCAB7-46C8-4841-895D-B1335F558250}.Release|x86.ActiveCfg = Release|x86
		{B23CCAB7-46C8-4841-895D-B1335F558250}.Release|x86.Build.0 = Release|x86
		{4CCFC338-0118-4300-857D-24FD88E9BB3B}.Debug|Any CPU.ActiveCfg = Debug|Any CPU
		{4CCFC338-0118-4300-857D-24FD88E9BB3B}.Debug|Any CPU.Build.0 = Debug|Any CPU
		{4CCFC338-0118-4300-857D-24FD88E9BB3B}.Debug|x64.ActiveCfg = Debug|x64
		{4CCFC338-0118-4300-857D-24FD88E9BB3B}.Debug|x64.Build.0 = Debug|x64
		{4CCFC338-0118-4300-857D-24FD88E9BB3B}.Debug|x86.ActiveCfg = Debug|x86
		{4CCFC338-0118-4300-857D-24FD88E9BB3B}.Debug|x86.Build.0 = Debug|x86
		{4CCFC338-0118-4300-857D-24FD88E9BB3B}.Release|Any CPU.ActiveCfg = Release|Any CPU
		{4CCFC338-0118-4300-857D-24FD88E9BB3B}.Release|Any CPU.Build.0 = Release|Any CPU
		{4CCFC338-0118-4300-857D-24FD88E9BB3B}.Release|x64.ActiveCfg = Release|x64
		{4CCFC338-0118-4300-857D-24FD88E9BB3B}.Release|x64.Build.0 = Release|x64
		{4CCFC338-0118-4300-857D-24FD88E9BB3B}.Release|x86.ActiveCfg = Release|x86
		{4CCFC338-0118-4300-857D-24FD88E9BB3B}.Release|x86.Build.0 = Release|x86
		{A0B1AB2E-A89A-4FBD-BD6C-9C15CF0CB17E}.Debug|Any CPU.ActiveCfg = Debug|Any CPU
		{A0B1AB2E-A89A-4FBD-BD6C-9C15CF0CB17E}.Debug|Any CPU.Build.0 = Debug|Any CPU
		{A0B1AB2E-A89A-4FBD-BD6C-9C15CF0CB17E}.Debug|x64.ActiveCfg = Debug|x86
		{A0B1AB2E-A89A-4FBD-BD6C-9C15CF0CB17E}.Debug|x64.Build.0 = Debug|x86
		{A0B1AB2E-A89A-4FBD-BD6C-9C15CF0CB17E}.Debug|x86.ActiveCfg = Debug|x86
		{A0B1AB2E-A89A-4FBD-BD6C-9C15CF0CB17E}.Debug|x86.Build.0 = Debug|x86
		{A0B1AB2E-A89A-4FBD-BD6C-9C15CF0CB17E}.Release|Any CPU.ActiveCfg = Release|Any CPU
		{A0B1AB2E-A89A-4FBD-BD6C-9C15CF0CB17E}.Release|Any CPU.Build.0 = Release|Any CPU
		{A0B1AB2E-A89A-4FBD-BD6C-9C15CF0CB17E}.Release|x64.ActiveCfg = Release|x64
		{A0B1AB2E-A89A-4FBD-BD6C-9C15CF0CB17E}.Release|x64.Build.0 = Release|x64
		{A0B1AB2E-A89A-4FBD-BD6C-9C15CF0CB17E}.Release|x86.ActiveCfg = Release|x86
		{A0B1AB2E-A89A-4FBD-BD6C-9C15CF0CB17E}.Release|x86.Build.0 = Release|x86
		{AACF060D-BDD0-4819-8395-C91AC7C38B3C}.Debug|Any CPU.ActiveCfg = Debug|Any CPU
		{AACF060D-BDD0-4819-8395-C91AC7C38B3C}.Debug|Any CPU.Build.0 = Debug|Any CPU
		{AACF060D-BDD0-4819-8395-C91AC7C38B3C}.Debug|x64.ActiveCfg = Debug|x64
		{AACF060D-BDD0-4819-8395-C91AC7C38B3C}.Debug|x64.Build.0 = Debug|x64
		{AACF060D-BDD0-4819-8395-C91AC7C38B3C}.Debug|x86.ActiveCfg = Debug|x86
		{AACF060D-BDD0-4819-8395-C91AC7C38B3C}.Debug|x86.Build.0 = Debug|x86
		{AACF060D-BDD0-4819-8395-C91AC7C38B3C}.Release|Any CPU.ActiveCfg = Release|Any CPU
		{AACF060D-BDD0-4819-8395-C91AC7C38B3C}.Release|Any CPU.Build.0 = Release|Any CPU
		{AACF060D-BDD0-4819-8395-C91AC7C38B3C}.Release|x64.ActiveCfg = Release|x64
		{AACF060D-BDD0-4819-8395-C91AC7C38B3C}.Release|x64.Build.0 = Release|x64
		{AACF060D-BDD0-4819-8395-C91AC7C38B3C}.Release|x86.ActiveCfg = Release|x86
		{AACF060D-BDD0-4819-8395-C91AC7C38B3C}.Release|x86.Build.0 = Release|x86
		{2C46A19D-063E-44F8-AF0D-554D75060EE7}.Debug|Any CPU.ActiveCfg = Debug|Any CPU
		{2C46A19D-063E-44F8-AF0D-554D75060EE7}.Debug|Any CPU.Build.0 = Debug|Any CPU
		{2C46A19D-063E-44F8-AF0D-554D75060EE7}.Debug|x64.ActiveCfg = Debug|x64
		{2C46A19D-063E-44F8-AF0D-554D75060EE7}.Debug|x64.Build.0 = Debug|x64
		{2C46A19D-063E-44F8-AF0D-554D75060EE7}.Debug|x86.ActiveCfg = Debug|x86
		{2C46A19D-063E-44F8-AF0D-554D75060EE7}.Debug|x86.Build.0 = Debug|x86
		{2C46A19D-063E-44F8-AF0D-554D75060EE7}.Release|Any CPU.ActiveCfg = Release|Any CPU
		{2C46A19D-063E-44F8-AF0D-554D75060EE7}.Release|Any CPU.Build.0 = Release|Any CPU
		{2C46A19D-063E-44F8-AF0D-554D75060EE7}.Release|x64.ActiveCfg = Release|x64
		{2C46A19D-063E-44F8-AF0D-554D75060EE7}.Release|x64.Build.0 = Release|x64
		{2C46A19D-063E-44F8-AF0D-554D75060EE7}.Release|x86.ActiveCfg = Release|x86
		{2C46A19D-063E-44F8-AF0D-554D75060EE7}.Release|x86.Build.0 = Release|x86
		{809A63E0-5A83-4F2F-99D2-2F9C3E58BFE5}.Debug|Any CPU.ActiveCfg = Debug|Any CPU
		{809A63E0-5A83-4F2F-99D2-2F9C3E58BFE5}.Debug|Any CPU.Build.0 = Debug|Any CPU
		{809A63E0-5A83-4F2F-99D2-2F9C3E58BFE5}.Debug|x64.ActiveCfg = Debug|x64
		{809A63E0-5A83-4F2F-99D2-2F9C3E58BFE5}.Debug|x64.Build.0 = Debug|x64
		{809A63E0-5A83-4F2F-99D2-2F9C3E58BFE5}.Debug|x86.ActiveCfg = Debug|x86
		{809A63E0-5A83-4F2F-99D2-2F9C3E58BFE5}.Debug|x86.Build.0 = Debug|x86
		{809A63E0-5A83-4F2F-99D2-2F9C3E58BFE5}.Release|Any CPU.ActiveCfg = Release|Any CPU
		{809A63E0-5A83-4F2F-99D2-2F9C3E58BFE5}.Release|Any CPU.Build.0 = Release|Any CPU
		{809A63E0-5A83-4F2F-99D2-2F9C3E58BFE5}.Release|x64.ActiveCfg = Release|x64
		{809A63E0-5A83-4F2F-99D2-2F9C3E58BFE5}.Release|x64.Build.0 = Release|x64
		{809A63E0-5A83-4F2F-99D2-2F9C3E58BFE5}.Release|x86.ActiveCfg = Release|x86
		{809A63E0-5A83-4F2F-99D2-2F9C3E58BFE5}.Release|x86.Build.0 = Release|x86
		{43847A49-F70C-48D9-BA18-D3AC34FEC8BA}.Debug|Any CPU.ActiveCfg = Debug|Any CPU
		{43847A49-F70C-48D9-BA18-D3AC34FEC8BA}.Debug|Any CPU.Build.0 = Debug|Any CPU
		{43847A49-F70C-48D9-BA18-D3AC34FEC8BA}.Debug|x64.ActiveCfg = Debug|x64
		{43847A49-F70C-48D9-BA18-D3AC34FEC8BA}.Debug|x64.Build.0 = Debug|x64
		{43847A49-F70C-48D9-BA18-D3AC34FEC8BA}.Debug|x86.ActiveCfg = Debug|x86
		{43847A49-F70C-48D9-BA18-D3AC34FEC8BA}.Debug|x86.Build.0 = Debug|x86
		{43847A49-F70C-48D9-BA18-D3AC34FEC8BA}.Release|Any CPU.ActiveCfg = Release|Any CPU
		{43847A49-F70C-48D9-BA18-D3AC34FEC8BA}.Release|Any CPU.Build.0 = Release|Any CPU
		{43847A49-F70C-48D9-BA18-D3AC34FEC8BA}.Release|x64.ActiveCfg = Release|x64
		{43847A49-F70C-48D9-BA18-D3AC34FEC8BA}.Release|x64.Build.0 = Release|x64
		{43847A49-F70C-48D9-BA18-D3AC34FEC8BA}.Release|x86.ActiveCfg = Release|x86
		{43847A49-F70C-48D9-BA18-D3AC34FEC8BA}.Release|x86.Build.0 = Release|x86
		{4913BEB7-4481-417B-8E5E-D1B05DA4FB3A}.Debug|Any CPU.ActiveCfg = Debug|Any CPU
		{4913BEB7-4481-417B-8E5E-D1B05DA4FB3A}.Debug|Any CPU.Build.0 = Debug|Any CPU
		{4913BEB7-4481-417B-8E5E-D1B05DA4FB3A}.Debug|x64.ActiveCfg = Debug|x64
		{4913BEB7-4481-417B-8E5E-D1B05DA4FB3A}.Debug|x64.Build.0 = Debug|x64
		{4913BEB7-4481-417B-8E5E-D1B05DA4FB3A}.Debug|x86.ActiveCfg = Debug|x86
		{4913BEB7-4481-417B-8E5E-D1B05DA4FB3A}.Debug|x86.Build.0 = Debug|x86
		{4913BEB7-4481-417B-8E5E-D1B05DA4FB3A}.Release|Any CPU.ActiveCfg = Release|Any CPU
		{4913BEB7-4481-417B-8E5E-D1B05DA4FB3A}.Release|Any CPU.Build.0 = Release|Any CPU
		{4913BEB7-4481-417B-8E5E-D1B05DA4FB3A}.Release|x64.ActiveCfg = Release|x64
		{4913BEB7-4481-417B-8E5E-D1B05DA4FB3A}.Release|x64.Build.0 = Release|x64
		{4913BEB7-4481-417B-8E5E-D1B05DA4FB3A}.Release|x86.ActiveCfg = Release|x86
		{4913BEB7-4481-417B-8E5E-D1B05DA4FB3A}.Release|x86.Build.0 = Release|x86
		{334DB94A-CE87-45DC-907C-6D16919261A5}.Debug|Any CPU.ActiveCfg = Debug|Any CPU
		{334DB94A-CE87-45DC-907C-6D16919261A5}.Debug|Any CPU.Build.0 = Debug|Any CPU
		{334DB94A-CE87-45DC-907C-6D16919261A5}.Debug|x64.ActiveCfg = Debug|x64
		{334DB94A-CE87-45DC-907C-6D16919261A5}.Debug|x64.Build.0 = Debug|x64
		{334DB94A-CE87-45DC-907C-6D16919261A5}.Debug|x86.ActiveCfg = Debug|x86
		{334DB94A-CE87-45DC-907C-6D16919261A5}.Debug|x86.Build.0 = Debug|x86
		{334DB94A-CE87-45DC-907C-6D16919261A5}.Release|Any CPU.ActiveCfg = Release|Any CPU
		{334DB94A-CE87-45DC-907C-6D16919261A5}.Release|Any CPU.Build.0 = Release|Any CPU
		{334DB94A-CE87-45DC-907C-6D16919261A5}.Release|x64.ActiveCfg = Release|x64
		{334DB94A-CE87-45DC-907C-6D16919261A5}.Release|x64.Build.0 = Release|x64
		{334DB94A-CE87-45DC-907C-6D16919261A5}.Release|x86.ActiveCfg = Release|x86
		{334DB94A-CE87-45DC-907C-6D16919261A5}.Release|x86.Build.0 = Release|x86
		{8D45B8DE-CA06-4037-9677-AFF1EB45F5A0}.Debug|Any CPU.ActiveCfg = Debug|Any CPU
		{8D45B8DE-CA06-4037-9677-AFF1EB45F5A0}.Debug|Any CPU.Build.0 = Debug|Any CPU
		{8D45B8DE-CA06-4037-9677-AFF1EB45F5A0}.Debug|x64.ActiveCfg = Debug|x64
		{8D45B8DE-CA06-4037-9677-AFF1EB45F5A0}.Debug|x64.Build.0 = Debug|x64
		{8D45B8DE-CA06-4037-9677-AFF1EB45F5A0}.Debug|x86.ActiveCfg = Debug|Any CPU
		{8D45B8DE-CA06-4037-9677-AFF1EB45F5A0}.Debug|x86.Build.0 = Debug|Any CPU
		{8D45B8DE-CA06-4037-9677-AFF1EB45F5A0}.Release|Any CPU.ActiveCfg = Release|Any CPU
		{8D45B8DE-CA06-4037-9677-AFF1EB45F5A0}.Release|Any CPU.Build.0 = Release|Any CPU
		{8D45B8DE-CA06-4037-9677-AFF1EB45F5A0}.Release|x64.ActiveCfg = Release|x64
		{8D45B8DE-CA06-4037-9677-AFF1EB45F5A0}.Release|x64.Build.0 = Release|x64
		{8D45B8DE-CA06-4037-9677-AFF1EB45F5A0}.Release|x86.ActiveCfg = Release|Any CPU
		{8D45B8DE-CA06-4037-9677-AFF1EB45F5A0}.Release|x86.Build.0 = Release|Any CPU
		{42109593-B771-4E14-B9D5-C19FD4585300}.Debug|Any CPU.ActiveCfg = Debug|Any CPU
		{42109593-B771-4E14-B9D5-C19FD4585300}.Debug|Any CPU.Build.0 = Debug|Any CPU
		{42109593-B771-4E14-B9D5-C19FD4585300}.Debug|x64.ActiveCfg = Debug|x64
		{42109593-B771-4E14-B9D5-C19FD4585300}.Debug|x64.Build.0 = Debug|x64
		{42109593-B771-4E14-B9D5-C19FD4585300}.Debug|x86.ActiveCfg = Debug|Any CPU
		{42109593-B771-4E14-B9D5-C19FD4585300}.Debug|x86.Build.0 = Debug|Any CPU
		{42109593-B771-4E14-B9D5-C19FD4585300}.Release|Any CPU.ActiveCfg = Release|Any CPU
		{42109593-B771-4E14-B9D5-C19FD4585300}.Release|Any CPU.Build.0 = Release|Any CPU
		{42109593-B771-4E14-B9D5-C19FD4585300}.Release|x64.ActiveCfg = Release|Any CPU
		{42109593-B771-4E14-B9D5-C19FD4585300}.Release|x64.Build.0 = Release|Any CPU
		{42109593-B771-4E14-B9D5-C19FD4585300}.Release|x86.ActiveCfg = Release|Any CPU
		{42109593-B771-4E14-B9D5-C19FD4585300}.Release|x86.Build.0 = Release|Any CPU
		{73671BAC-8507-466A-A46E-38EADB04B4CF}.Debug|Any CPU.ActiveCfg = Debug|Any CPU
		{73671BAC-8507-466A-A46E-38EADB04B4CF}.Debug|Any CPU.Build.0 = Debug|Any CPU
		{73671BAC-8507-466A-A46E-38EADB04B4CF}.Debug|x64.ActiveCfg = Debug|x64
		{73671BAC-8507-466A-A46E-38EADB04B4CF}.Debug|x64.Build.0 = Debug|x64
		{73671BAC-8507-466A-A46E-38EADB04B4CF}.Debug|x86.ActiveCfg = Debug|Any CPU
		{73671BAC-8507-466A-A46E-38EADB04B4CF}.Debug|x86.Build.0 = Debug|Any CPU
		{73671BAC-8507-466A-A46E-38EADB04B4CF}.Release|Any CPU.ActiveCfg = Release|Any CPU
		{73671BAC-8507-466A-A46E-38EADB04B4CF}.Release|Any CPU.Build.0 = Release|Any CPU
		{73671BAC-8507-466A-A46E-38EADB04B4CF}.Release|x64.ActiveCfg = Release|Any CPU
		{73671BAC-8507-466A-A46E-38EADB04B4CF}.Release|x64.Build.0 = Release|Any CPU
		{73671BAC-8507-466A-A46E-38EADB04B4CF}.Release|x86.ActiveCfg = Release|Any CPU
		{73671BAC-8507-466A-A46E-38EADB04B4CF}.Release|x86.Build.0 = Release|Any CPU
		{411C99BB-A658-4206-9595-418E37EB5F72}.Debug|Any CPU.ActiveCfg = Debug|Any CPU
		{411C99BB-A658-4206-9595-418E37EB5F72}.Debug|Any CPU.Build.0 = Debug|Any CPU
		{411C99BB-A658-4206-9595-418E37EB5F72}.Debug|x64.ActiveCfg = Debug|x64
		{411C99BB-A658-4206-9595-418E37EB5F72}.Debug|x64.Build.0 = Debug|x64
		{411C99BB-A658-4206-9595-418E37EB5F72}.Debug|x86.ActiveCfg = Debug|Any CPU
		{411C99BB-A658-4206-9595-418E37EB5F72}.Debug|x86.Build.0 = Debug|Any CPU
		{411C99BB-A658-4206-9595-418E37EB5F72}.Release|Any CPU.ActiveCfg = Release|Any CPU
		{411C99BB-A658-4206-9595-418E37EB5F72}.Release|Any CPU.Build.0 = Release|Any CPU
		{411C99BB-A658-4206-9595-418E37EB5F72}.Release|x64.ActiveCfg = Release|x64
		{411C99BB-A658-4206-9595-418E37EB5F72}.Release|x64.Build.0 = Release|x64
		{411C99BB-A658-4206-9595-418E37EB5F72}.Release|x86.ActiveCfg = Release|Any CPU
		{411C99BB-A658-4206-9595-418E37EB5F72}.Release|x86.Build.0 = Release|Any CPU
		{FDC4CDF5-A09C-4232-B2F0-006B55F7B37D}.Debug|Any CPU.ActiveCfg = Debug|Any CPU
		{FDC4CDF5-A09C-4232-B2F0-006B55F7B37D}.Debug|Any CPU.Build.0 = Debug|Any CPU
		{FDC4CDF5-A09C-4232-B2F0-006B55F7B37D}.Debug|x64.ActiveCfg = Debug|Any CPU
		{FDC4CDF5-A09C-4232-B2F0-006B55F7B37D}.Debug|x64.Build.0 = Debug|Any CPU
		{FDC4CDF5-A09C-4232-B2F0-006B55F7B37D}.Debug|x86.ActiveCfg = Debug|Any CPU
		{FDC4CDF5-A09C-4232-B2F0-006B55F7B37D}.Debug|x86.Build.0 = Debug|Any CPU
		{FDC4CDF5-A09C-4232-B2F0-006B55F7B37D}.Release|Any CPU.ActiveCfg = Release|Any CPU
		{FDC4CDF5-A09C-4232-B2F0-006B55F7B37D}.Release|Any CPU.Build.0 = Release|Any CPU
		{FDC4CDF5-A09C-4232-B2F0-006B55F7B37D}.Release|x64.ActiveCfg = Release|Any CPU
		{FDC4CDF5-A09C-4232-B2F0-006B55F7B37D}.Release|x64.Build.0 = Release|Any CPU
		{FDC4CDF5-A09C-4232-B2F0-006B55F7B37D}.Release|x86.ActiveCfg = Release|Any CPU
		{FDC4CDF5-A09C-4232-B2F0-006B55F7B37D}.Release|x86.Build.0 = Release|Any CPU
		{176045C2-E882-4DDE-99B8-26269B9AC1C6}.Debug|Any CPU.ActiveCfg = Debug|Any CPU
		{176045C2-E882-4DDE-99B8-26269B9AC1C6}.Debug|Any CPU.Build.0 = Debug|Any CPU
		{176045C2-E882-4DDE-99B8-26269B9AC1C6}.Debug|x64.ActiveCfg = Debug|Any CPU
		{176045C2-E882-4DDE-99B8-26269B9AC1C6}.Debug|x64.Build.0 = Debug|Any CPU
		{176045C2-E882-4DDE-99B8-26269B9AC1C6}.Debug|x86.ActiveCfg = Debug|Any CPU
		{176045C2-E882-4DDE-99B8-26269B9AC1C6}.Debug|x86.Build.0 = Debug|Any CPU
		{176045C2-E882-4DDE-99B8-26269B9AC1C6}.Release|Any CPU.ActiveCfg = Release|Any CPU
		{176045C2-E882-4DDE-99B8-26269B9AC1C6}.Release|Any CPU.Build.0 = Release|Any CPU
		{176045C2-E882-4DDE-99B8-26269B9AC1C6}.Release|x64.ActiveCfg = Release|Any CPU
		{176045C2-E882-4DDE-99B8-26269B9AC1C6}.Release|x64.Build.0 = Release|Any CPU
		{176045C2-E882-4DDE-99B8-26269B9AC1C6}.Release|x86.ActiveCfg = Release|Any CPU
		{176045C2-E882-4DDE-99B8-26269B9AC1C6}.Release|x86.Build.0 = Release|Any CPU
		{6D050EAB-A543-4C87-A767-3BB78F7BBCF8}.Debug|Any CPU.ActiveCfg = Debug|Any CPU
		{6D050EAB-A543-4C87-A767-3BB78F7BBCF8}.Debug|Any CPU.Build.0 = Debug|Any CPU
		{6D050EAB-A543-4C87-A767-3BB78F7BBCF8}.Debug|x64.ActiveCfg = Debug|Any CPU
		{6D050EAB-A543-4C87-A767-3BB78F7BBCF8}.Debug|x64.Build.0 = Debug|Any CPU
		{6D050EAB-A543-4C87-A767-3BB78F7BBCF8}.Debug|x86.ActiveCfg = Debug|Any CPU
		{6D050EAB-A543-4C87-A767-3BB78F7BBCF8}.Debug|x86.Build.0 = Debug|Any CPU
		{6D050EAB-A543-4C87-A767-3BB78F7BBCF8}.Release|Any CPU.ActiveCfg = Release|Any CPU
		{6D050EAB-A543-4C87-A767-3BB78F7BBCF8}.Release|Any CPU.Build.0 = Release|Any CPU
		{6D050EAB-A543-4C87-A767-3BB78F7BBCF8}.Release|x64.ActiveCfg = Release|Any CPU
		{6D050EAB-A543-4C87-A767-3BB78F7BBCF8}.Release|x64.Build.0 = Release|Any CPU
		{6D050EAB-A543-4C87-A767-3BB78F7BBCF8}.Release|x86.ActiveCfg = Release|Any CPU
		{6D050EAB-A543-4C87-A767-3BB78F7BBCF8}.Release|x86.Build.0 = Release|Any CPU
		{13C0ECC6-0879-4EFF-B6B4-0AEC2B891B8D}.Debug|Any CPU.ActiveCfg = Debug|Any CPU
		{13C0ECC6-0879-4EFF-B6B4-0AEC2B891B8D}.Debug|Any CPU.Build.0 = Debug|Any CPU
		{13C0ECC6-0879-4EFF-B6B4-0AEC2B891B8D}.Debug|x64.ActiveCfg = Debug|Any CPU
		{13C0ECC6-0879-4EFF-B6B4-0AEC2B891B8D}.Debug|x64.Build.0 = Debug|Any CPU
		{13C0ECC6-0879-4EFF-B6B4-0AEC2B891B8D}.Debug|x86.ActiveCfg = Debug|Any CPU
		{13C0ECC6-0879-4EFF-B6B4-0AEC2B891B8D}.Debug|x86.Build.0 = Debug|Any CPU
		{13C0ECC6-0879-4EFF-B6B4-0AEC2B891B8D}.Release|Any CPU.ActiveCfg = Release|Any CPU
		{13C0ECC6-0879-4EFF-B6B4-0AEC2B891B8D}.Release|Any CPU.Build.0 = Release|Any CPU
		{13C0ECC6-0879-4EFF-B6B4-0AEC2B891B8D}.Release|x64.ActiveCfg = Release|Any CPU
		{13C0ECC6-0879-4EFF-B6B4-0AEC2B891B8D}.Release|x64.Build.0 = Release|Any CPU
		{13C0ECC6-0879-4EFF-B6B4-0AEC2B891B8D}.Release|x86.ActiveCfg = Release|Any CPU
		{13C0ECC6-0879-4EFF-B6B4-0AEC2B891B8D}.Release|x86.Build.0 = Release|Any CPU
		{D39ADC1E-71E2-4549-ACE4-A9B5F9257A46}.Debug|Any CPU.ActiveCfg = Debug|Any CPU
		{D39ADC1E-71E2-4549-ACE4-A9B5F9257A46}.Debug|Any CPU.Build.0 = Debug|Any CPU
		{D39ADC1E-71E2-4549-ACE4-A9B5F9257A46}.Debug|x64.ActiveCfg = Debug|Any CPU
		{D39ADC1E-71E2-4549-ACE4-A9B5F9257A46}.Debug|x64.Build.0 = Debug|Any CPU
		{D39ADC1E-71E2-4549-ACE4-A9B5F9257A46}.Debug|x86.ActiveCfg = Debug|Any CPU
		{D39ADC1E-71E2-4549-ACE4-A9B5F9257A46}.Debug|x86.Build.0 = Debug|Any CPU
		{D39ADC1E-71E2-4549-ACE4-A9B5F9257A46}.Release|Any CPU.ActiveCfg = Release|Any CPU
		{D39ADC1E-71E2-4549-ACE4-A9B5F9257A46}.Release|Any CPU.Build.0 = Release|Any CPU
		{D39ADC1E-71E2-4549-ACE4-A9B5F9257A46}.Release|x64.ActiveCfg = Release|Any CPU
		{D39ADC1E-71E2-4549-ACE4-A9B5F9257A46}.Release|x64.Build.0 = Release|Any CPU
		{D39ADC1E-71E2-4549-ACE4-A9B5F9257A46}.Release|x86.ActiveCfg = Release|Any CPU
		{D39ADC1E-71E2-4549-ACE4-A9B5F9257A46}.Release|x86.Build.0 = Release|Any CPU
		{D956DFA6-CF71-48E5-83DC-CFB724BFCF07}.Debug|Any CPU.ActiveCfg = Debug|Any CPU
		{D956DFA6-CF71-48E5-83DC-CFB724BFCF07}.Debug|Any CPU.Build.0 = Debug|Any CPU
		{D956DFA6-CF71-48E5-83DC-CFB724BFCF07}.Debug|x64.ActiveCfg = Debug|Any CPU
		{D956DFA6-CF71-48E5-83DC-CFB724BFCF07}.Debug|x64.Build.0 = Debug|Any CPU
		{D956DFA6-CF71-48E5-83DC-CFB724BFCF07}.Debug|x86.ActiveCfg = Debug|Any CPU
		{D956DFA6-CF71-48E5-83DC-CFB724BFCF07}.Debug|x86.Build.0 = Debug|Any CPU
		{D956DFA6-CF71-48E5-83DC-CFB724BFCF07}.Release|Any CPU.ActiveCfg = Release|Any CPU
		{D956DFA6-CF71-48E5-83DC-CFB724BFCF07}.Release|Any CPU.Build.0 = Release|Any CPU
		{D956DFA6-CF71-48E5-83DC-CFB724BFCF07}.Release|x64.ActiveCfg = Release|Any CPU
		{D956DFA6-CF71-48E5-83DC-CFB724BFCF07}.Release|x64.Build.0 = Release|Any CPU
		{D956DFA6-CF71-48E5-83DC-CFB724BFCF07}.Release|x86.ActiveCfg = Release|Any CPU
		{D956DFA6-CF71-48E5-83DC-CFB724BFCF07}.Release|x86.Build.0 = Release|Any CPU
	EndGlobalSection
	GlobalSection(SolutionProperties) = preSolution
		HideSolutionNode = FALSE
	EndGlobalSection
	GlobalSection(ExtensibilityGlobals) = postSolution
		SolutionGuid = {45E4317A-B5AA-4BFC-B5F5-81627E66EA4A}
	EndGlobalSection
EndGlobal
